
Microsoft Visual Studio Solution File, Format Version 12.00
# Visual Studio Version 17
VisualStudioVersion = 17.5.002.0
MinimumVisualStudioVersion = 10.0.40219.1
Project("{9A19103F-16F7-4668-BE54-9A1E7A4F7556}") = "seminar_7_recursion", "seminar_7_recursion.csproj", "{E8D0BE48-6398-4B90-BAB0-7CDF722695A9}"
EndProject
Global
	GlobalSection(SolutionConfigurationPlatforms) = preSolution
		Debug|Any CPU = Debug|Any CPU
		Release|Any CPU = Release|Any CPU
	EndGlobalSection
	GlobalSection(ProjectConfigurationPlatforms) = postSolution
		{E8D0BE48-6398-4B90-BAB0-7CDF722695A9}.Debug|Any CPU.ActiveCfg = Debug|Any CPU
		{E8D0BE48-6398-4B90-BAB0-7CDF722695A9}.Debug|Any CPU.Build.0 = Debug|Any CPU
		{E8D0BE48-6398-4B90-BAB0-7CDF722695A9}.Release|Any CPU.ActiveCfg = Release|Any CPU
		{E8D0BE48-6398-4B90-BAB0-7CDF722695A9}.Release|Any CPU.Build.0 = Release|Any CPU
	EndGlobalSection
	GlobalSection(SolutionProperties) = preSolution
		HideSolutionNode = FALSE
	EndGlobalSection
	GlobalSection(ExtensibilityGlobals) = postSolution
		SolutionGuid = {DC7BFDE0-FE1D-4AB8-9DB2-1B38477BA4DC}
	EndGlobalSection
EndGlobal
